
Microsoft Visual Studio Solution File, Format Version 9.00
# Visual C# Express 2005
Project("{FAE04EC0-301F-11D3-BF4B-00C04F79EFBC}") = "CH23 - Virtual Keyboard", "CH23 - Virtual Keyboard\CH23 - Virtual Keyboard.csproj", "{01EFCF37-E394-4E23-AEDA-F3AF3EE4A134}"
EndProject
Global
	GlobalSection(SolutionConfigurationPlatforms) = preSolution
		Debug|x86 = Debug|x86
		Release|x86 = Release|x86
	EndGlobalSection
	GlobalSection(ProjectConfigurationPlatforms) = postSolution
		{01EFCF37-E394-4E23-AEDA-F3AF3EE4A134}.Debug|x86.ActiveCfg = Debug|x86
		{01EFCF37-E394-4E23-AEDA-F3AF3EE4A134}.Debug|x86.Build.0 = Debug|x86
		{01EFCF37-E394-4E23-AEDA-F3AF3EE4A134}.Release|x86.ActiveCfg = Release|x86
		{01EFCF37-E394-4E23-AEDA-F3AF3EE4A134}.Release|x86.Build.0 = Release|x86
		{783D330C-C491-4FD1-8BF0-90B35AD719DF}.Debug|x86.ActiveCfg = Debug|x86
		{783D330C-C491-4FD1-8BF0-90B35AD719DF}.Release|x86.ActiveCfg = Release|x86
	EndGlobalSection
	GlobalSection(SolutionProperties) = preSolution
		HideSolutionNode = FALSE
	EndGlobalSection
EndGlobal
