
Microsoft Visual Studio Solution File, Format Version 11.00
# Visual Studio 2010
Project("{FAE04EC0-301F-11D3-BF4B-00C04F79EFBC}") = "CH16 - Top-Down Scroller", "CH16 - Top-Down Scroller\CH16 - Top-Down Scroller\CH16 - Top-Down Scroller.csproj", "{C6AFA624-053A-4056-A0D9-80EFB6550F34}"
EndProject
Project("{96E2B04D-8817-42C6-938A-82C39BA4D311}") = "CH16 - Top-Down ScrollerContent", "CH16 - Top-Down Scroller\CH16 - Top-Down ScrollerContent\CH16 - Top-Down ScrollerContent.contentproj", "{24B1A8B1-0A1D-41FB-8507-D1C910BD6D22}"
EndProject
Global
	GlobalSection(SolutionConfigurationPlatforms) = preSolution
		Debug|x86 = Debug|x86
		Release|x86 = Release|x86
	EndGlobalSection
	GlobalSection(ProjectConfigurationPlatforms) = postSolution
		{C6AFA624-053A-4056-A0D9-80EFB6550F34}.Debug|x86.ActiveCfg = Debug|x86
		{C6AFA624-053A-4056-A0D9-80EFB6550F34}.Debug|x86.Build.0 = Debug|x86
		{C6AFA624-053A-4056-A0D9-80EFB6550F34}.Release|x86.ActiveCfg = Release|x86
		{C6AFA624-053A-4056-A0D9-80EFB6550F34}.Release|x86.Build.0 = Release|x86
		{24B1A8B1-0A1D-41FB-8507-D1C910BD6D22}.Debug|x86.ActiveCfg = Debug|x86
		{24B1A8B1-0A1D-41FB-8507-D1C910BD6D22}.Release|x86.ActiveCfg = Release|x86
	EndGlobalSection
	GlobalSection(SolutionProperties) = preSolution
		HideSolutionNode = FALSE
	EndGlobalSection
EndGlobal
