
Microsoft Visual Studio Solution File, Format Version 9.00
# Visual C# Express 2005
Project("{FAE04EC0-301F-11D3-BF4B-00C04F79EFBC}") = "CH08 - Input Keyboard", "CH08 - Input Keyboard\CH08 - Input Keyboard.csproj", "{6F171A45-9FDE-4356-AEFD-E1F22434F2F5}"
EndProject
Global
	GlobalSection(SolutionConfigurationPlatforms) = preSolution
		Debug|x86 = Debug|x86
		Release|x86 = Release|x86
	EndGlobalSection
	GlobalSection(ProjectConfigurationPlatforms) = postSolution
		{6F171A45-9FDE-4356-AEFD-E1F22434F2F5}.Debug|x86.ActiveCfg = Debug|x86
		{6F171A45-9FDE-4356-AEFD-E1F22434F2F5}.Debug|x86.Build.0 = Debug|x86
		{6F171A45-9FDE-4356-AEFD-E1F22434F2F5}.Release|x86.ActiveCfg = Release|x86
		{6F171A45-9FDE-4356-AEFD-E1F22434F2F5}.Release|x86.Build.0 = Release|x86
		{9720A3F8-E476-4E8E-8900-07801E1FC449}.Debug|x86.ActiveCfg = Debug|x86
		{9720A3F8-E476-4E8E-8900-07801E1FC449}.Release|x86.ActiveCfg = Release|x86
	EndGlobalSection
	GlobalSection(SolutionProperties) = preSolution
		HideSolutionNode = FALSE
	EndGlobalSection
EndGlobal
