
Microsoft Visual Studio Solution File, Format Version 9.00
# Visual C# Express 2005
Project("{FAE04EC0-301F-11D3-BF4B-00C04F79EFBC}") = "CH06 - Graphics 3D", "CH06 - Graphics 3D\CH06 - Graphics 3D.csproj", "{6F717D07-112B-49FE-AB2E-8F0B3C914A88}"
EndProject
Global
	GlobalSection(SolutionConfigurationPlatforms) = preSolution
		Debug|x86 = Debug|x86
		Release|x86 = Release|x86
	EndGlobalSection
	GlobalSection(ProjectConfigurationPlatforms) = postSolution
		{6F717D07-112B-49FE-AB2E-8F0B3C914A88}.Debug|x86.ActiveCfg = Debug|x86
		{6F717D07-112B-49FE-AB2E-8F0B3C914A88}.Debug|x86.Build.0 = Debug|x86
		{6F717D07-112B-49FE-AB2E-8F0B3C914A88}.Release|x86.ActiveCfg = Release|x86
		{6F717D07-112B-49FE-AB2E-8F0B3C914A88}.Release|x86.Build.0 = Release|x86
		{9E10BD00-5FA5-493F-BFAF-65AFB0CD4457}.Debug|x86.ActiveCfg = Debug|x86
		{9E10BD00-5FA5-493F-BFAF-65AFB0CD4457}.Release|x86.ActiveCfg = Release|x86
	EndGlobalSection
	GlobalSection(SolutionProperties) = preSolution
		HideSolutionNode = FALSE
	EndGlobalSection
EndGlobal
