
Microsoft Visual Studio Solution File, Format Version 11.00
# Visual Studio 2010
Project("{FAE04EC0-301F-11D3-BF4B-00C04F79EFBC}") = "CH20 - Game Font Tool", "CH20 - Game Font Tool\CH20 - Game Font Tool.csproj", "{07F13ADB-E578-4CB9-8B2B-827C60874B67}"
EndProject
Global
	GlobalSection(SolutionConfigurationPlatforms) = preSolution
		Debug|x86 = Debug|x86
		Release|x86 = Release|x86
	EndGlobalSection
	GlobalSection(ProjectConfigurationPlatforms) = postSolution
		{07F13ADB-E578-4CB9-8B2B-827C60874B67}.Debug|x86.ActiveCfg = Debug|x86
		{07F13ADB-E578-4CB9-8B2B-827C60874B67}.Debug|x86.Build.0 = Debug|x86
		{07F13ADB-E578-4CB9-8B2B-827C60874B67}.Release|x86.ActiveCfg = Release|x86
		{07F13ADB-E578-4CB9-8B2B-827C60874B67}.Release|x86.Build.0 = Release|x86
	EndGlobalSection
	GlobalSection(SolutionProperties) = preSolution
		HideSolutionNode = FALSE
	EndGlobalSection
EndGlobal
