
Microsoft Visual Studio Solution File, Format Version 9.00
# Visual C# Express 2005
Project("{FAE04EC0-301F-11D3-BF4B-00C04F79EFBC}") = "CH18 - Board Game", "CH18 - Board Game\CH18 - Board Game.csproj", "{E6A3262C-B48D-4187-9723-61C77DE5D027}"
EndProject
Project("{FAE04EC0-301F-11D3-BF4B-00C04F79EFBC}") = "CH17 - Solitare", "CH17 - Solitare\CH17 - Solitare.csproj", "{C9BF8439-3BE4-47F9-B38D-7A6A5F77EA27}"
EndProject
Project("{FAE04EC0-301F-11D3-BF4B-00C04F79EFBC}") = "CH16 - Top-Down Scroller", "CH16 - Top-Down Scroller\CH16 - Top-Down Scroller.csproj", "{9C83B1E4-6554-4AC2-B9B1-EA708C813B30}"
EndProject
Project("{FAE04EC0-301F-11D3-BF4B-00C04F79EFBC}") = "CH15 - Puzzle Game", "CH15 - Puzzle Game\CH15 - Puzzle Game.csproj", "{B5D44D37-601D-4225-8656-BC8D33DCCC62}"
EndProject
Project("{FAE04EC0-301F-11D3-BF4B-00C04F79EFBC}") = "CH14 - BrickBreaker", "CH14 - BrickBreaker\CH14 - BrickBreaker.csproj", "{74454ECA-CB4F-44C2-B050-9BC6A29BC0D4}"
EndProject
Project("{FAE04EC0-301F-11D3-BF4B-00C04F79EFBC}") = "CH13 - Ping Pong", "CH13 - Ping Pong\CH13 - Ping Pong.csproj", "{D5440212-D1D1-45BE-B4DE-EA239F31ACE9}"
EndProject
Global
	GlobalSection(SolutionConfigurationPlatforms) = preSolution
		Debug|x86 = Debug|x86
		Release|x86 = Release|x86
	EndGlobalSection
	GlobalSection(ProjectConfigurationPlatforms) = postSolution
		{E6A3262C-B48D-4187-9723-61C77DE5D027}.Debug|x86.ActiveCfg = Debug|x86
		{E6A3262C-B48D-4187-9723-61C77DE5D027}.Debug|x86.Build.0 = Debug|x86
		{E6A3262C-B48D-4187-9723-61C77DE5D027}.Release|x86.ActiveCfg = Release|x86
		{E6A3262C-B48D-4187-9723-61C77DE5D027}.Release|x86.Build.0 = Release|x86
		{750041EF-08B3-4486-9D00-4B793F591D89}.Debug|x86.ActiveCfg = Debug|x86
		{750041EF-08B3-4486-9D00-4B793F591D89}.Release|x86.ActiveCfg = Release|x86
		{C9BF8439-3BE4-47F9-B38D-7A6A5F77EA27}.Debug|x86.ActiveCfg = Debug|x86
		{C9BF8439-3BE4-47F9-B38D-7A6A5F77EA27}.Debug|x86.Build.0 = Debug|x86
		{C9BF8439-3BE4-47F9-B38D-7A6A5F77EA27}.Release|x86.ActiveCfg = Release|x86
		{C9BF8439-3BE4-47F9-B38D-7A6A5F77EA27}.Release|x86.Build.0 = Release|x86
		{A23208D3-BAA1-4F17-B711-B28D82C829F5}.Debug|x86.ActiveCfg = Debug|x86
		{A23208D3-BAA1-4F17-B711-B28D82C829F5}.Release|x86.ActiveCfg = Release|x86
		{9C83B1E4-6554-4AC2-B9B1-EA708C813B30}.Debug|x86.ActiveCfg = Debug|x86
		{9C83B1E4-6554-4AC2-B9B1-EA708C813B30}.Debug|x86.Build.0 = Debug|x86
		{9C83B1E4-6554-4AC2-B9B1-EA708C813B30}.Release|x86.ActiveCfg = Release|x86
		{9C83B1E4-6554-4AC2-B9B1-EA708C813B30}.Release|x86.Build.0 = Release|x86
		{F084480F-3EFA-4CD1-ABA8-A65AF44835C4}.Debug|x86.ActiveCfg = Debug|x86
		{F084480F-3EFA-4CD1-ABA8-A65AF44835C4}.Release|x86.ActiveCfg = Release|x86
		{B5D44D37-601D-4225-8656-BC8D33DCCC62}.Debug|x86.ActiveCfg = Debug|x86
		{B5D44D37-601D-4225-8656-BC8D33DCCC62}.Debug|x86.Build.0 = Debug|x86
		{B5D44D37-601D-4225-8656-BC8D33DCCC62}.Release|x86.ActiveCfg = Release|x86
		{B5D44D37-601D-4225-8656-BC8D33DCCC62}.Release|x86.Build.0 = Release|x86
		{4F3C2619-3E59-4612-8EFF-025466FA4B3C}.Debug|x86.ActiveCfg = Debug|x86
		{4F3C2619-3E59-4612-8EFF-025466FA4B3C}.Release|x86.ActiveCfg = Release|x86
		{74454ECA-CB4F-44C2-B050-9BC6A29BC0D4}.Debug|x86.ActiveCfg = Debug|x86
		{74454ECA-CB4F-44C2-B050-9BC6A29BC0D4}.Debug|x86.Build.0 = Debug|x86
		{74454ECA-CB4F-44C2-B050-9BC6A29BC0D4}.Release|x86.ActiveCfg = Release|x86
		{74454ECA-CB4F-44C2-B050-9BC6A29BC0D4}.Release|x86.Build.0 = Release|x86
		{3383F1C7-913E-4415-957F-54268ED9A9CB}.Debug|x86.ActiveCfg = Debug|x86
		{3383F1C7-913E-4415-957F-54268ED9A9CB}.Release|x86.ActiveCfg = Release|x86
		{D5440212-D1D1-45BE-B4DE-EA239F31ACE9}.Debug|x86.ActiveCfg = Debug|x86
		{D5440212-D1D1-45BE-B4DE-EA239F31ACE9}.Debug|x86.Build.0 = Debug|x86
		{D5440212-D1D1-45BE-B4DE-EA239F31ACE9}.Release|x86.ActiveCfg = Release|x86
		{D5440212-D1D1-45BE-B4DE-EA239F31ACE9}.Release|x86.Build.0 = Release|x86
		{5CCF67DE-5153-4334-AB25-2C431CCCDF70}.Debug|x86.ActiveCfg = Debug|x86
		{5CCF67DE-5153-4334-AB25-2C431CCCDF70}.Release|x86.ActiveCfg = Release|x86
	EndGlobalSection
	GlobalSection(SolutionProperties) = preSolution
		HideSolutionNode = FALSE
	EndGlobalSection
EndGlobal
