
Microsoft Visual Studio Solution File, Format Version 11.00
# Visual Studio 2010
Project("{FAE04EC0-301F-11D3-BF4B-00C04F79EFBC}") = "CH14 - BrickBreaker", "CH14 - BrickBreaker\CH14 - BrickBreaker\CH14 - BrickBreaker.csproj", "{24EDFFDC-6C16-4974-937F-7EF62FC8FC15}"
EndProject
Project("{96E2B04D-8817-42C6-938A-82C39BA4D311}") = "CH14 - BrickBreakerContent", "CH14 - BrickBreaker\CH14 - BrickBreakerContent\CH14 - BrickBreakerContent.contentproj", "{DDB148BC-C27B-41B7-B08A-3D33CE35B697}"
EndProject
Global
	GlobalSection(SolutionConfigurationPlatforms) = preSolution
		Debug|x86 = Debug|x86
		Release|x86 = Release|x86
	EndGlobalSection
	GlobalSection(ProjectConfigurationPlatforms) = postSolution
		{24EDFFDC-6C16-4974-937F-7EF62FC8FC15}.Debug|x86.ActiveCfg = Debug|x86
		{24EDFFDC-6C16-4974-937F-7EF62FC8FC15}.Debug|x86.Build.0 = Debug|x86
		{24EDFFDC-6C16-4974-937F-7EF62FC8FC15}.Release|x86.ActiveCfg = Release|x86
		{24EDFFDC-6C16-4974-937F-7EF62FC8FC15}.Release|x86.Build.0 = Release|x86
		{DDB148BC-C27B-41B7-B08A-3D33CE35B697}.Debug|x86.ActiveCfg = Debug|x86
		{DDB148BC-C27B-41B7-B08A-3D33CE35B697}.Release|x86.ActiveCfg = Release|x86
	EndGlobalSection
	GlobalSection(SolutionProperties) = preSolution
		HideSolutionNode = FALSE
	EndGlobalSection
EndGlobal
